
Microsoft Visual Studio Solution File, Format Version 12.00
# Visual Studio 15
VisualStudioVersion = 15.0.28010.2019
MinimumVisualStudioVersion = 10.0.40219.1
Project("{8BC9CEB8-8B4A-11D0-8D11-00A0C91BC942}") = "Solutions", "Solutions\Solutions.vcxproj", "{20B7B0ED-1DA2-4EE3-A0AD-8BCDD179FDA2}"
EndProject
Project("{2150E333-8FDC-42A3-9474-1A3956D46DE8}") = "riddle", "riddle", "{88A73080-E059-42D2-93B6-67216443046F}"
	ProjectSection(SolutionItems) = preProject
		riddle1.txt = riddle1.txt
	EndProjectSection
EndProject
Global
	GlobalSection(SolutionConfigurationPlatforms) = preSolution
		Debug|x64 = Debug|x64
		Debug|x86 = Debug|x86
		Release|x64 = Release|x64
		Release|x86 = Release|x86
	EndGlobalSection
	GlobalSection(ProjectConfigurationPlatforms) = postSolution
		{20B7B0ED-1DA2-4EE3-A0AD-8BCDD179FDA2}.Debug|x64.ActiveCfg = Debug|x64
		{20B7B0ED-1DA2-4EE3-A0AD-8BCDD179FDA2}.Debug|x64.Build.0 = Debug|x64
		{20B7B0ED-1DA2-4EE3-A0AD-8BCDD179FDA2}.Debug|x86.ActiveCfg = Debug|Win32
		{20B7B0ED-1DA2-4EE3-A0AD-8BCDD179FDA2}.Debug|x86.Build.0 = Debug|Win32
		{20B7B0ED-1DA2-4EE3-A0AD-8BCDD179FDA2}.Release|x64.ActiveCfg = Release|x64
		{20B7B0ED-1DA2-4EE3-A0AD-8BCDD179FDA2}.Release|x64.Build.0 = Release|x64
		{20B7B0ED-1DA2-4EE3-A0AD-8BCDD179FDA2}.Release|x86.ActiveCfg = Release|Win32
		{20B7B0ED-1DA2-4EE3-A0AD-8BCDD179FDA2}.Release|x86.Build.0 = Release|Win32
	EndGlobalSection
	GlobalSection(SolutionProperties) = preSolution
		HideSolutionNode = FALSE
	EndGlobalSection
	GlobalSection(ExtensibilityGlobals) = postSolution
		SolutionGuid = {C7DEAD6E-F090-4082-8CF1-83A73DA3E5C5}
	EndGlobalSection
EndGlobal
